// !$*UTF8*$!
{
	archiveVersion = 1;
	classes = {
	};
	objectVersion = 55;
	objects = {

/* Begin PBXBuildFile section */
		50C362C3282D3FF2000FE163 /* BackgroundtaskApp.swift in Sources */ = {isa = PBXBuildFile; fileRef = 50C362C2282D3FF2000FE163 /* BackgroundtaskApp.swift */; };
		50C362C5282D3FF2000FE163 /* ContentView.swift in Sources */ = {isa = PBXBuildFile; fileRef = 50C362C4282D3FF2000FE163 /* ContentView.swift */; };
		50C362C7282D3FF3000FE163 /* Assets.xcassets in Resources */ = {isa = PBXBuildFile; fileRef = 50C362C6282D3FF3000FE163 /* Assets.xcassets */; };
		50C362CA282D3FF3000FE163 /* Preview Assets.xcassets in Resources */ = {isa = PBXBuildFile; fileRef = 50C362C9282D3FF3000FE163 /* Preview Assets.xcassets */; };
		50C362D4282D405C000FE163 /* Global.swift in Sources */ = {isa = PBXBuildFile; fileRef = 50C362D3282D405C000FE163 /* Global.swift */; };
		50C362D6282D407C000FE163 /* ErrorHandling.swift in Sources */ = {isa = PBXBuildFile; fileRef = 50C362D5282D407C000FE163 /* ErrorHandling.swift */; };
		50C362D9282D409B000FE163 /* NotificationResponse.swift in Sources */ = {isa = PBXBuildFile; fileRef = 50C362D8282D409B000FE163 /* NotificationResponse.swift */; };
		50C362DC282D40CC000FE163 /* Utilities.swift in Sources */ = {isa = PBXBuildFile; fileRef = 50C362DB282D40CC000FE163 /* Utilities.swift */; };
		50C362DE282D40EB000FE163 /* StringExtension.swift in Sources */ = {isa = PBXBuildFile; fileRef = 50C362DD282D40EB000FE163 /* StringExtension.swift */; };
		50C362E1282D4113000FE163 /* ApiProvider.swift in Sources */ = {isa = PBXBuildFile; fileRef = 50C362E0282D4113000FE163 /* ApiProvider.swift */; };
		50C362E3282D4128000FE163 /* AppEndpoint.swift in Sources */ = {isa = PBXBuildFile; fileRef = 50C362E2282D4128000FE163 /* AppEndpoint.swift */; };
		50C362E6282D4144000FE163 /* NotificationService.swift in Sources */ = {isa = PBXBuildFile; fileRef = 50C362E5282D4144000FE163 /* NotificationService.swift */; };
		50C362E8282D42DE000FE163 /* SuccessResponse.swift in Sources */ = {isa = PBXBuildFile; fileRef = 50C362E7282D42DE000FE163 /* SuccessResponse.swift */; };
		50C362EC282D44CF000FE163 /* BackgroundAPICaller.swift in Sources */ = {isa = PBXBuildFile; fileRef = 50C362EB282D44CF000FE163 /* BackgroundAPICaller.swift */; };
		50C362EE282D44DC000FE163 /* LocalNotificationScheduler.swift in Sources */ = {isa = PBXBuildFile; fileRef = 50C362ED282D44DC000FE163 /* LocalNotificationScheduler.swift */; };
		50C362F2282D4B04000FE163 /* AppDelegate.swift in Sources */ = {isa = PBXBuildFile; fileRef = 50C362F1282D4B04000FE163 /* AppDelegate.swift */; };
		50C362F4282D4FDC000FE163 /* Readme.md in Resources */ = {isa = PBXBuildFile; fileRef = 50C362F3282D4FDC000FE163 /* Readme.md */; };
/* End PBXBuildFile section */

/* Begin PBXFileReference section */
		50C362BF282D3FF2000FE163 /* Backgroundtask.app */ = {isa = PBXFileReference; explicitFileType = wrapper.application; includeInIndex = 0; path = Backgroundtask.app; sourceTree = BUILT_PRODUCTS_DIR; };
		50C362C2282D3FF2000FE163 /* BackgroundtaskApp.swift */ = {isa = PBXFileReference; lastKnownFileType = sourcecode.swift; path = BackgroundtaskApp.swift; sourceTree = "<group>"; };
		50C362C4282D3FF2000FE163 /* ContentView.swift */ = {isa = PBXFileReference; lastKnownFileType = sourcecode.swift; path = ContentView.swift; sourceTree = "<group>"; };
		50C362C6282D3FF3000FE163 /* Assets.xcassets */ = {isa = PBXFileReference; lastKnownFileType = folder.assetcatalog; path = Assets.xcassets; sourceTree = "<group>"; };
		50C362C9282D3FF3000FE163 /* Preview Assets.xcassets */ = {isa = PBXFileReference; lastKnownFileType = folder.assetcatalog; path = "Preview Assets.xcassets"; sourceTree = "<group>"; };
		50C362D3282D405C000FE163 /* Global.swift */ = {isa = PBXFileReference; lastKnownFileType = sourcecode.swift; path = Global.swift; sourceTree = "<group>"; };
		50C362D5282D407C000FE163 /* ErrorHandling.swift */ = {isa = PBXFileReference; lastKnownFileType = sourcecode.swift; path = ErrorHandling.swift; sourceTree = "<group>"; };
		50C362D8282D409B000FE163 /* NotificationResponse.swift */ = {isa = PBXFileReference; lastKnownFileType = sourcecode.swift; path = NotificationResponse.swift; sourceTree = "<group>"; };
		50C362DB282D40CC000FE163 /* Utilities.swift */ = {isa = PBXFileReference; lastKnownFileType = sourcecode.swift; path = Utilities.swift; sourceTree = "<group>"; };
		50C362DD282D40EB000FE163 /* StringExtension.swift */ = {isa = PBXFileReference; lastKnownFileType = sourcecode.swift; path = StringExtension.swift; sourceTree = "<group>"; };
		50C362E0282D4113000FE163 /* ApiProvider.swift */ = {isa = PBXFileReference; lastKnownFileType = sourcecode.swift; path = ApiProvider.swift; sourceTree = "<group>"; };
		50C362E2282D4128000FE163 /* AppEndpoint.swift */ = {isa = PBXFileReference; lastKnownFileType = sourcecode.swift; path = AppEndpoint.swift; sourceTree = "<group>"; };
		50C362E5282D4144000FE163 /* NotificationService.swift */ = {isa = PBXFileReference; lastKnownFileType = sourcecode.swift; path = NotificationService.swift; sourceTree = "<group>"; };
		50C362E7282D42DE000FE163 /* SuccessResponse.swift */ = {isa = PBXFileReference; lastKnownFileType = sourcecode.swift; path = SuccessResponse.swift; sourceTree = "<group>"; };
		50C362EB282D44CF000FE163 /* BackgroundAPICaller.swift */ = {isa = PBXFileReference; lastKnownFileType = sourcecode.swift; path = BackgroundAPICaller.swift; sourceTree = "<group>"; };
		50C362ED282D44DC000FE163 /* LocalNotificationScheduler.swift */ = {isa = PBXFileReference; lastKnownFileType = sourcecode.swift; path = LocalNotificationScheduler.swift; sourceTree = "<group>"; };
		50C362EF282D4AB7000FE163 /* Info.plist */ = {isa = PBXFileReference; lastKnownFileType = text.plist; path = Info.plist; sourceTree = "<group>"; };
		50C362F1282D4B04000FE163 /* AppDelegate.swift */ = {isa = PBXFileReference; lastKnownFileType = sourcecode.swift; path = AppDelegate.swift; sourceTree = "<group>"; };
		50C362F3282D4FDC000FE163 /* Readme.md */ = {isa = PBXFileReference; lastKnownFileType = net.daringfireball.markdown; path = Readme.md; sourceTree = "<group>"; };
/* End PBXFileReference section */

/* Begin PBXFrameworksBuildPhase section */
		50C362BC282D3FF2000FE163 /* Frameworks */ = {
			isa = PBXFrameworksBuildPhase;
			buildActionMask = 2147483647;
			files = (
			);
			runOnlyForDeploymentPostprocessing = 0;
		};
/* End PBXFrameworksBuildPhase section */

/* Begin PBXGroup section */
		50C362B6282D3FF2000FE163 = {
			isa = PBXGroup;
			children = (
				50C362F3282D4FDC000FE163 /* Readme.md */,
				50C362C1282D3FF2000FE163 /* Backgroundtask */,
				50C362C0282D3FF2000FE163 /* Products */,
			);
			sourceTree = "<group>";
		};
		50C362C0282D3FF2000FE163 /* Products */ = {
			isa = PBXGroup;
			children = (
				50C362BF282D3FF2000FE163 /* Backgroundtask.app */,
			);
			name = Products;
			sourceTree = "<group>";
		};
		50C362C1282D3FF2000FE163 /* Backgroundtask */ = {
			isa = PBXGroup;
			children = (
				50C362EF282D4AB7000FE163 /* Info.plist */,
				50C362DF282D4106000FE163 /* Managers */,
				50C362DA282D40BE000FE163 /* Helpers */,
				50C362D2282D4050000FE163 /* Constants */,
				50C362D1282D4018000FE163 /* Network */,
				50C362D0282D4012000FE163 /* Modules */,
				50C362C2282D3FF2000FE163 /* BackgroundtaskApp.swift */,
				50C362F1282D4B04000FE163 /* AppDelegate.swift */,
				50C362C6282D3FF3000FE163 /* Assets.xcassets */,
				50C362C8282D3FF3000FE163 /* Preview Content */,
			);
			path = Backgroundtask;
			sourceTree = "<group>";
		};
		50C362C8282D3FF3000FE163 /* Preview Content */ = {
			isa = PBXGroup;
			children = (
				50C362C9282D3FF3000FE163 /* Preview Assets.xcassets */,
			);
			path = "Preview Content";
			sourceTree = "<group>";
		};
		50C362D0282D4012000FE163 /* Modules */ = {
			isa = PBXGroup;
			children = (
				50C362F0282D4AED000FE163 /* Main */,
			);
			path = Modules;
			sourceTree = "<group>";
		};
		50C362D1282D4018000FE163 /* Network */ = {
			isa = PBXGroup;
			children = (
				50C362D7282D408E000FE163 /* APIModels */,
				50C362D5282D407C000FE163 /* ErrorHandling.swift */,
			);
			path = Network;
			sourceTree = "<group>";
		};
		50C362D2282D4050000FE163 /* Constants */ = {
			isa = PBXGroup;
			children = (
				50C362D3282D405C000FE163 /* Global.swift */,
			);
			path = Constants;
			sourceTree = "<group>";
		};
		50C362D7282D408E000FE163 /* APIModels */ = {
			isa = PBXGroup;
			children = (
				50C362D8282D409B000FE163 /* NotificationResponse.swift */,
				50C362E7282D42DE000FE163 /* SuccessResponse.swift */,
			);
			path = APIModels;
			sourceTree = "<group>";
		};
		50C362DA282D40BE000FE163 /* Helpers */ = {
			isa = PBXGroup;
			children = (
				50C362DB282D40CC000FE163 /* Utilities.swift */,
				50C362DD282D40EB000FE163 /* StringExtension.swift */,
			);
			path = Helpers;
			sourceTree = "<group>";
		};
		50C362DF282D4106000FE163 /* Managers */ = {
			isa = PBXGroup;
			children = (
				50C362EA282D44BA000FE163 /* AppService */,
				50C362E4282D4138000FE163 /* APIService */,
			);
			path = Managers;
			sourceTree = "<group>";
		};
		50C362E4282D4138000FE163 /* APIService */ = {
			isa = PBXGroup;
			children = (
				50C362E0282D4113000FE163 /* ApiProvider.swift */,
				50C362E2282D4128000FE163 /* AppEndpoint.swift */,
				50C362E9282D44A9000FE163 /* Notification */,
			);
			path = APIService;
			sourceTree = "<group>";
		};
		50C362E9282D44A9000FE163 /* Notification */ = {
			isa = PBXGroup;
			children = (
				50C362E5282D4144000FE163 /* NotificationService.swift */,
			);
			path = Notification;
			sourceTree = "<group>";
		};
		50C362EA282D44BA000FE163 /* AppService */ = {
			isa = PBXGroup;
			children = (
				50C362EB282D44CF000FE163 /* BackgroundAPICaller.swift */,
				50C362ED282D44DC000FE163 /* LocalNotificationScheduler.swift */,
			);
			path = AppService;
			sourceTree = "<group>";
		};
		50C362F0282D4AED000FE163 /* Main */ = {
			isa = PBXGroup;
			children = (
				50C362C4282D3FF2000FE163 /* ContentView.swift */,
			);
			path = Main;
			sourceTree = "<group>";
		};
/* End PBXGroup section */

/* Begin PBXNativeTarget section */
		50C362BE282D3FF2000FE163 /* Backgroundtask */ = {
			isa = PBXNativeTarget;
			buildConfigurationList = 50C362CD282D3FF3000FE163 /* Build configuration list for PBXNativeTarget "Backgroundtask" */;
			buildPhases = (
				50C362BB282D3FF2000FE163 /* Sources */,
				50C362BC282D3FF2000FE163 /* Frameworks */,
				50C362BD282D3FF2000FE163 /* Resources */,
			);
			buildRules = (
			);
			dependencies = (
			);
			name = Backgroundtask;
			productName = Backgroundtask;
			productReference = 50C362BF282D3FF2000FE163 /* Backgroundtask.app */;
			productType = "com.apple.product-type.application";
		};
/* End PBXNativeTarget section */

/* Begin PBXProject section */
		50C362B7282D3FF2000FE163 /* Project object */ = {
			isa = PBXProject;
			attributes = {
				BuildIndependentTargetsInParallel = 1;
				LastSwiftUpdateCheck = 1330;
				LastUpgradeCheck = 1330;
				TargetAttributes = {
					50C362BE282D3FF2000FE163 = {
						CreatedOnToolsVersion = 13.3.1;
					};
				};
			};
			buildConfigurationList = 50C362BA282D3FF2000FE163 /* Build configuration list for PBXProject "Backgroundtask" */;
			compatibilityVersion = "Xcode 13.0";
			developmentRegion = en;
			hasScannedForEncodings = 0;
			knownRegions = (
				en,
				Base,
			);
			mainGroup = 50C362B6282D3FF2000FE163;
			productRefGroup = 50C362C0282D3FF2000FE163 /* Products */;
			projectDirPath = "";
			projectRoot = "";
			targets = (
				50C362BE282D3FF2000FE163 /* Backgroundtask */,
			);
		};
/* End PBXProject section */

/* Begin PBXResourcesBuildPhase section */
		50C362BD282D3FF2000FE163 /* Resources */ = {
			isa = PBXResourcesBuildPhase;
			buildActionMask = 2147483647;
			files = (
				50C362CA282D3FF3000FE163 /* Preview Assets.xcassets in Resources */,
				50C362C7282D3FF3000FE163 /* Assets.xcassets in Resources */,
				50C362F4282D4FDC000FE163 /* Readme.md in Resources */,
			);
			runOnlyForDeploymentPostprocessing = 0;
		};
/* End PBXResourcesBuildPhase section */

/* Begin PBXSourcesBuildPhase section */
		50C362BB282D3FF2000FE163 /* Sources */ = {
			isa = PBXSourcesBuildPhase;
			buildActionMask = 2147483647;
			files = (
				50C362EC282D44CF000FE163 /* BackgroundAPICaller.swift in Sources */,
				50C362DC282D40CC000FE163 /* Utilities.swift in Sources */,
				50C362E1282D4113000FE163 /* ApiProvider.swift in Sources */,
				50C362DE282D40EB000FE163 /* StringExtension.swift in Sources */,
				50C362F2282D4B04000FE163 /* AppDelegate.swift in Sources */,
				50C362C5282D3FF2000FE163 /* ContentView.swift in Sources */,
				50C362D9282D409B000FE163 /* NotificationResponse.swift in Sources */,
				50C362D6282D407C000FE163 /* ErrorHandling.swift in Sources */,
				50C362EE282D44DC000FE163 /* LocalNotificationScheduler.swift in Sources */,
				50C362C3282D3FF2000FE163 /* BackgroundtaskApp.swift in Sources */,
				50C362D4282D405C000FE163 /* Global.swift in Sources */,
				50C362E6282D4144000FE163 /* NotificationService.swift in Sources */,
				50C362E8282D42DE000FE163 /* SuccessResponse.swift in Sources */,
				50C362E3282D4128000FE163 /* AppEndpoint.swift in Sources */,
			);
			runOnlyForDeploymentPostprocessing = 0;
		};
/* End PBXSourcesBuildPhase section */

/* Begin XCBuildConfiguration section */
		50C362CB282D3FF3000FE163 /* Debug */ = {
			isa = XCBuildConfiguration;
			buildSettings = {
				ALWAYS_SEARCH_USER_PATHS = NO;
				CLANG_ANALYZER_NONNULL = YES;
				CLANG_ANALYZER_NUMBER_OBJECT_CONVERSION = YES_AGGRESSIVE;
				CLANG_CXX_LANGUAGE_STANDARD = "gnu++17";
				CLANG_ENABLE_MODULES = YES;
				CLANG_ENABLE_OBJC_ARC = YES;
				CLANG_ENABLE_OBJC_WEAK = YES;
				CLANG_WARN_BLOCK_CAPTURE_AUTORELEASING = YES;
				CLANG_WARN_BOOL_CONVERSION = YES;
				CLANG_WARN_COMMA = YES;
				CLANG_WARN_CONSTANT_CONVERSION = YES;
				CLANG_WARN_DEPRECATED_OBJC_IMPLEMENTATIONS = YES;
				CLANG_WARN_DIRECT_OBJC_ISA_USAGE = YES_ERROR;
				CLANG_WARN_DOCUMENTATION_COMMENTS = YES;
				CLANG_WARN_EMPTY_BODY = YES;
				CLANG_WARN_ENUM_CONVERSION = YES;
				CLANG_WARN_INFINITE_RECURSION = YES;
				CLANG_WARN_INT_CONVERSION = YES;
				CLANG_WARN_NON_LITERAL_NULL_CONVERSION = YES;
				CLANG_WARN_OBJC_IMPLICIT_RETAIN_SELF = YES;
				CLANG_WARN_OBJC_LITERAL_CONVERSION = YES;
				CLANG_WARN_OBJC_ROOT_CLASS = YES_ERROR;
				CLANG_WARN_QUOTED_INCLUDE_IN_FRAMEWORK_HEADER = YES;
				CLANG_WARN_RANGE_LOOP_ANALYSIS = YES;
				CLANG_WARN_STRICT_PROTOTYPES = YES;
				CLANG_WARN_SUSPICIOUS_MOVE = YES;
				CLANG_WARN_UNGUARDED_AVAILABILITY = YES_AGGRESSIVE;
				CLANG_WARN_UNREACHABLE_CODE = YES;
				CLANG_WARN__DUPLICATE_METHOD_MATCH = YES;
				COPY_PHASE_STRIP = NO;
				DEBUG_INFORMATION_FORMAT = dwarf;
				ENABLE_STRICT_OBJC_MSGSEND = YES;
				ENABLE_TESTABILITY = YES;
				GCC_C_LANGUAGE_STANDARD = gnu11;
				GCC_DYNAMIC_NO_PIC = NO;
				GCC_NO_COMMON_BLOCKS = YES;
				GCC_OPTIMIZATION_LEVEL = 0;
				GCC_PREPROCESSOR_DEFINITIONS = (
					"DEBUG=1",
					"$(inherited)",
				);
				GCC_WARN_64_TO_32_BIT_CONVERSION = YES;
				GCC_WARN_ABOUT_RETURN_TYPE = YES_ERROR;
				GCC_WARN_UNDECLARED_SELECTOR = YES;
				GCC_WARN_UNINITIALIZED_AUTOS = YES_AGGRESSIVE;
				GCC_WARN_UNUSED_FUNCTION = YES;
				GCC_WARN_UNUSED_VARIABLE = YES;
				IPHONEOS_DEPLOYMENT_TARGET = 15.4;
				MTL_ENABLE_DEBUG_INFO = INCLUDE_SOURCE;
				MTL_FAST_MATH = YES;
				ONLY_ACTIVE_ARCH = YES;
				SDKROOT = iphoneos;
				SWIFT_ACTIVE_COMPILATION_CONDITIONS = DEBUG;
				SWIFT_OPTIMIZATION_LEVEL = "-Onone";
			};
			name = Debug;
		};
		50C362CC282D3FF3000FE163 /* Release */ = {
			isa = XCBuildConfiguration;
			buildSettings = {
				ALWAYS_SEARCH_USER_PATHS = NO;
				CLANG_ANALYZER_NONNULL = YES;
				CLANG_ANALYZER_NUMBER_OBJECT_CONVERSION = YES_AGGRESSIVE;
				CLANG_CXX_LANGUAGE_STANDARD = "gnu++17";
				CLANG_ENABLE_MODULES = YES;
				CLANG_ENABLE_OBJC_ARC = YES;
				CLANG_ENABLE_OBJC_WEAK = YES;
				CLANG_WARN_BLOCK_CAPTURE_AUTORELEASING = YES;
				CLANG_WARN_BOOL_CONVERSION = YES;
				CLANG_WARN_COMMA = YES;
				CLANG_WARN_CONSTANT_CONVERSION = YES;
				CLANG_WARN_DEPRECATED_OBJC_IMPLEMENTATIONS = YES;
				CLANG_WARN_DIRECT_OBJC_ISA_USAGE = YES_ERROR;
				CLANG_WARN_DOCUMENTATION_COMMENTS = YES;
				CLANG_WARN_EMPTY_BODY = YES;
				CLANG_WARN_ENUM_CONVERSION = YES;
				CLANG_WARN_INFINITE_RECURSION = YES;
				CLANG_WARN_INT_CONVERSION = YES;
				CLANG_WARN_NON_LITERAL_NULL_CONVERSION = YES;
				CLANG_WARN_OBJC_IMPLICIT_RETAIN_SELF = YES;
				CLANG_WARN_OBJC_LITERAL_CONVERSION = YES;
				CLANG_WARN_OBJC_ROOT_CLASS = YES_ERROR;
				CLANG_WARN_QUOTED_INCLUDE_IN_FRAMEWORK_HEADER = YES;
				CLANG_WARN_RANGE_LOOP_ANALYSIS = YES;
				CLANG_WARN_STRICT_PROTOTYPES = YES;
				CLANG_WARN_SUSPICIOUS_MOVE = YES;
				CLANG_WARN_UNGUARDED_AVAILABILITY = YES_AGGRESSIVE;
				CLANG_WARN_UNREACHABLE_CODE = YES;
				CLANG_WARN__DUPLICATE_METHOD_MATCH = YES;
				COPY_PHASE_STRIP = NO;
				DEBUG_INFORMATION_FORMAT = "dwarf-with-dsym";
				ENABLE_NS_ASSERTIONS = NO;
				ENABLE_STRICT_OBJC_MSGSEND = YES;
				GCC_C_LANGUAGE_STANDARD = gnu11;
				GCC_NO_COMMON_BLOCKS = YES;
				GCC_WARN_64_TO_32_BIT_CONVERSION = YES;
				GCC_WARN_ABOUT_RETURN_TYPE = YES_ERROR;
				GCC_WARN_UNDECLARED_SELECTOR = YES;
				GCC_WARN_UNINITIALIZED_AUTOS = YES_AGGRESSIVE;
				GCC_WARN_UNUSED_FUNCTION = YES;
				GCC_WARN_UNUSED_VARIABLE = YES;
				IPHONEOS_DEPLOYMENT_TARGET = 15.4;
				MTL_ENABLE_DEBUG_INFO = NO;
				MTL_FAST_MATH = YES;
				SDKROOT = iphoneos;
				SWIFT_COMPILATION_MODE = wholemodule;
				SWIFT_OPTIMIZATION_LEVEL = "-O";
				VALIDATE_PRODUCT = YES;
			};
			name = Release;
		};
		50C362CE282D3FF3000FE163 /* Debug */ = {
			isa = XCBuildConfiguration;
			buildSettings = {
				ASSETCATALOG_COMPILER_APPICON_NAME = AppIcon;
				ASSETCATALOG_COMPILER_GLOBAL_ACCENT_COLOR_NAME = AccentColor;
				CODE_SIGN_STYLE = Automatic;
				CURRENT_PROJECT_VERSION = 1;
				DEVELOPMENT_ASSET_PATHS = "\"Backgroundtask/Preview Content\"";
				DEVELOPMENT_TEAM = V9AG3C7HPN;
				ENABLE_PREVIEWS = YES;
				GENERATE_INFOPLIST_FILE = YES;
				INFOPLIST_FILE = Backgroundtask/Info.plist;
				INFOPLIST_KEY_UIApplicationSceneManifest_Generation = YES;
				INFOPLIST_KEY_UIApplicationSupportsIndirectInputEvents = YES;
				INFOPLIST_KEY_UILaunchScreen_Generation = YES;
				INFOPLIST_KEY_UISupportedInterfaceOrientations_iPad = "UIInterfaceOrientationPortrait UIInterfaceOrientationPortraitUpsideDown UIInterfaceOrientationLandscapeLeft UIInterfaceOrientationLandscapeRight";
				INFOPLIST_KEY_UISupportedInterfaceOrientations_iPhone = "UIInterfaceOrientationPortrait UIInterfaceOrientationLandscapeLeft UIInterfaceOrientationLandscapeRight";
				IPHONEOS_DEPLOYMENT_TARGET = 14.0;
				LD_RUNPATH_SEARCH_PATHS = (
					"$(inherited)",
					"@executable_path/Frameworks",
				);
				MARKETING_VERSION = 1.0;
				PRODUCT_BUNDLE_IDENTIFIER = com.upstem.backgroundtask;
				PRODUCT_NAME = "$(TARGET_NAME)";
				SWIFT_EMIT_LOC_STRINGS = YES;
				SWIFT_VERSION = 5.0;
				TARGETED_DEVICE_FAMILY = "1,2";
			};
			name = Debug;
		};
		50C362CF282D3FF3000FE163 /* Release */ = {
			isa = XCBuildConfiguration;
			buildSettings = {
				ASSETCATALOG_COMPILER_APPICON_NAME = AppIcon;
				ASSETCATALOG_COMPILER_GLOBAL_ACCENT_COLOR_NAME = AccentColor;
				CODE_SIGN_STYLE = Automatic;
				CURRENT_PROJECT_VERSION = 1;
				DEVELOPMENT_ASSET_PATHS = "\"Backgroundtask/Preview Content\"";
				DEVELOPMENT_TEAM = V9AG3C7HPN;
				ENABLE_PREVIEWS = YES;
				GENERATE_INFOPLIST_FILE = YES;
				INFOPLIST_FILE = Backgroundtask/Info.plist;
				INFOPLIST_KEY_UIApplicationSceneManifest_Generation = YES;
				INFOPLIST_KEY_UIApplicationSupportsIndirectInputEvents = YES;
				INFOPLIST_KEY_UILaunchScreen_Generation = YES;
				INFOPLIST_KEY_UISupportedInterfaceOrientations_iPad = "UIInterfaceOrientationPortrait UIInterfaceOrientationPortraitUpsideDown UIInterfaceOrientationLandscapeLeft UIInterfaceOrientationLandscapeRight";
				INFOPLIST_KEY_UISupportedInterfaceOrientations_iPhone = "UIInterfaceOrientationPortrait UIInterfaceOrientationLandscapeLeft UIInterfaceOrientationLandscapeRight";
				IPHONEOS_DEPLOYMENT_TARGET = 14.0;
				LD_RUNPATH_SEARCH_PATHS = (
					"$(inherited)",
					"@executable_path/Frameworks",
				);
				MARKETING_VERSION = 1.0;
				PRODUCT_BUNDLE_IDENTIFIER = com.upstem.backgroundtask;
				PRODUCT_NAME = "$(TARGET_NAME)";
				SWIFT_EMIT_LOC_STRINGS = YES;
				SWIFT_VERSION = 5.0;
				TARGETED_DEVICE_FAMILY = "1,2";
			};
			name = Release;
		};
/* End XCBuildConfiguration section */

/* Begin XCConfigurationList section */
		50C362BA282D3FF2000FE163 /* Build configuration list for PBXProject "Backgroundtask" */ = {
			isa = XCConfigurationList;
			buildConfigurations = (
				50C362CB282D3FF3000FE163 /* Debug */,
				50C362CC282D3FF3000FE163 /* Release */,
			);
			defaultConfigurationIsVisible = 0;
			defaultConfigurationName = Release;
		};
		50C362CD282D3FF3000FE163 /* Build configuration list for PBXNativeTarget "Backgroundtask" */ = {
			isa = XCConfigurationList;
			buildConfigurations = (
				50C362CE282D3FF3000FE163 /* Debug */,
				50C362CF282D3FF3000FE163 /* Release */,
			);
			defaultConfigurationIsVisible = 0;
			defaultConfigurationName = Release;
		};
/* End XCConfigurationList section */
	};
	rootObject = 50C362B7282D3FF2000FE163 /* Project object */;
}
